Microsoft Visual Studio Solution File, Format Version 12.00
# Visual Studio Version 17
VisualStudioVersion = 17.5.33424.131
MinimumVisualStudioVersion = 10.0.40219.1
Project("{9A19103F-16F7-4668-BE54-9A1E7A4F7556}") = "SecretGardenApp2", "SecretGardenApp2\SecretGardenApp2.csproj", "{FD01F546-B4DD-4AAB-A49D-4DCDC2B292D7}"
EndProject
Project("{9A19103F-16F7-4668-BE54-9A1E7A4F7556}") = "SG_Server_Interface", "..\SG_Server_Interface\SG_Server_Interface.csproj", "{E660D8E0-B387-4A94-814D-1A551A99AAE3}"
EndProject
Global
	GlobalSection(SolutionConfigurationPlatforms) = preSolution
		Debug|Any CPU = Debug|Any CPU
		Release|Any CPU = Release|Any CPU
	EndGlobalSection
	GlobalSection(ProjectConfigurationPlatforms) = postSolution
		{FD01F546-B4DD-4AAB-A49D-4DCDC2B292D7}.Debug|Any CPU.ActiveCfg = Debug|Any CPU
		{FD01F546-B4DD-4AAB-A49D-4DCDC2B292D7}.Debug|Any CPU.Build.0 = Debug|Any CPU
		{FD01F546-B4DD-4AAB-A49D-4DCDC2B292D7}.Release|Any CPU.ActiveCfg = Release|Any CPU
		{FD01F546-B4DD-4AAB-A49D-4DCDC2B292D7}.Release|Any CPU.Build.0 = Release|Any CPU
		{E660D8E0-B387-4A94-814D-1A551A99AAE3}.Debug|Any CPU.ActiveCfg = Debug|Any CPU
		{E660D8E0-B387-4A94-814D-1A551A99AAE3}.Debug|Any CPU.Build.0 = Debug|Any CPU
		{E660D8E0-B387-4A94-814D-1A551A99AAE3}.Release|Any CPU.ActiveCfg = Release|Any CPU
		{E660D8E0-B387-4A94-814D-1A551A99AAE3}.Release|Any CPU.Build.0 = Release|Any CPU
	EndGlobalSection
	GlobalSection(SolutionProperties) = preSolution
		HideSolutionNode = FALSE
	EndGlobalSection
	GlobalSection(ExtensibilityGlobals) = postSolution
		SolutionGuid = {178418C6-C50F-49EC-A05C-C631DD0AE1DF}
	EndGlobalSection
EndGlobal
